{
  "name": "compare-json",
  "version": "1.0.0",
  "lockfileVersion": 2,
  "requires": true,
  "packages": {
    "": {
      "name": "compare-json",
      "version": "1.0.0",
      "license": "ISC",
      "dependencies": {
        "fs-extra": "^11.1.0",
        "json-2-csv": "^3.19.0",
        "lodash": "^4.17.20"
      }
    },
    "node_modules/deeks": {
      "version": "2.6.1",
      "resolved": "https://registry.npmjs.org/deeks/-/deeks-2.6.1.tgz",
      "integrity": "sha512-PZrpz5xLo2JPZa3L+kqMMMdZU5pRwMysTM1xd6pLhNtgQw4Iq3wbF2QWaQTVh+HRq9Yg4rcjDIJ+scfGLxmsjQ==",
      "engines": {
        "node": ">= 12"
      }
    },
    "node_modules/doc-path": {
      "version": "3.0.7",
      "resolved": "https://registry.npmjs.org/doc-path/-/doc-path-3.0.7.tgz",
      "integrity": "sha512-w+3BuczDBuq7JtIs+ZrGaoCAlMYTeV15+gBqx8JPvBd30pT8OX/wluSRwoGUOsUFwLPB/GeDVf9ZquI69bHv4w==",
      "engines": {
        "node": ">=12"
      }
    },
    "node_modules/fs-extra": {
      "version": "11.1.0",
      "resolved": "https://registry.npmjs.org/fs-extra/-/fs-extra-11.1.0.tgz",
      "integrity": "sha512-0rcTq621PD5jM/e0a3EJoGC/1TC5ZBCERW82LQuwfGnCa1V8w7dpYH1yNu+SLb6E5dkeCBzKEyLGlFrnr+dUyw==",
      "dependencies": {
        "graceful-fs": "^4.2.0",
        "jsonfile": "^6.0.1",
        "universalify": "^2.0.0"
      },
      "engines": {
        "node": ">=14.14"
      }
    },
    "node_modules/graceful-fs": {
      "version": "4.2.10",
      "resolved": "https://registry.npmjs.org/graceful-fs/-/graceful-fs-4.2.10.tgz",
      "integrity": "sha512-9ByhssR2fPVsNZj478qUUbKfmL0+t5BDVyjShtyZZLiK7ZDAArFFfopyOTj0M05wE2tJPisA4iTnnXl2YoPvOA=="
    },
    "node_modules/json-2-csv": {
      "version": "3.19.0",
      "resolved": "https://registry.npmjs.org/json-2-csv/-/json-2-csv-3.19.0.tgz",
      "integrity": "sha512-l8keHM/wfEgYnO9rLFHoWNfq4sAI9r5OJXzMxblLb1Pn/dmMcaNK2M0kJ7DjC9ZJKHkkTj8Bbj6aBsqJX/EUFA==",
      "dependencies": {
        "deeks": "2.6.1",
        "doc-path": "3.0.7"
      },
      "engines": {
        "node": ">= 12"
      }
    },
    "node_modules/jsonfile": {
      "version": "6.1.0",
      "resolved": "https://registry.npmjs.org/jsonfile/-/jsonfile-6.1.0.tgz",
      "integrity": "sha512-5dgndWOriYSm5cnYaJNhalLNDKOqFwyDB/rr1E9ZsGciGvKPs8R2xYGCacuf3z6K1YKDz182fd+fY3cn3pMqXQ==",
      "dependencies": {
        "universalify": "^2.0.0"
      },
      "optionalDependencies": {
        "graceful-fs": "^4.1.6"
      }
    },
    "node_modules/lodash": {
      "version": "4.17.21",
      "resolved": "https://registry.npmjs.org/lodash/-/lodash-4.17.21.tgz",
      "integrity": "sha512-v2kDEe57lecTulaDIuNTPy3Ry4gLGJ6Z1O3vE1krgXZNrsQ+LFTGHVxVjcXPs17LhbZVGedAJv8XZ1tvj5FvSg=="
    },
    "node_modules/universalify": {
      "version": "2.0.0",
      "resolved": "https://registry.npmjs.org/universalify/-/universalify-2.0.0.tgz",
      "integrity": "sha512-hAZsKq7Yy11Zu1DE0OzWjw7nnLZmJZYTDZZyEFHZdUhV8FkH5MCfoU1XMaxXovpyW5nq5scPqq0ZDP9Zyl04oQ==",
      "engines": {
        "node": ">= 10.0.0"
      }
    }
  },
  "dependencies": {
    "deeks": {
      "version": "2.6.1",
      "resolved": "https://registry.npmjs.org/deeks/-/deeks-2.6.1.tgz",
      "integrity": "sha512-PZrpz5xLo2JPZa3L+kqMMMdZU5pRwMysTM1xd6pLhNtgQw4Iq3wbF2QWaQTVh+HRq9Yg4rcjDIJ+scfGLxmsjQ=="
    },
    "doc-path": {
      "version": "3.0.7",
      "resolved": "https://registry.npmjs.org/doc-path/-/doc-path-3.0.7.tgz",
      "integrity": "sha512-w+3BuczDBuq7JtIs+ZrGaoCAlMYTeV15+gBqx8JPvBd30pT8OX/wluSRwoGUOsUFwLPB/GeDVf9ZquI69bHv4w=="
    },
    "fs-extra": {
      "version": "11.1.0",
      "resolved": "https://registry.npmjs.org/fs-extra/-/fs-extra-11.1.0.tgz",
      "integrity": "sha512-0rcTq621PD5jM/e0a3EJoGC/1TC5ZBCERW82LQuwfGnCa1V8w7dpYH1yNu+SLb6E5dkeCBzKEyLGlFrnr+dUyw==",
      "requires": {
        "graceful-fs": "^4.2.0",
        "jsonfile": "^6.0.1",
        "universalify": "^2.0.0"
      }
    },
    "graceful-fs": {
      "version": "4.2.10",
      "resolved": "https://registry.npmjs.org/graceful-fs/-/graceful-fs-4.2.10.tgz",
      "integrity": "sha512-9ByhssR2fPVsNZj478qUUbKfmL0+t5BDVyjShtyZZLiK7ZDAArFFfopyOTj0M05wE2tJPisA4iTnnXl2YoPvOA=="
    },
    "json-2-csv": {
      "version": "3.19.0",
      "resolved": "https://registry.npmjs.org/json-2-csv/-/json-2-csv-3.19.0.tgz",
      "integrity": "sha512-l8keHM/wfEgYnO9rLFHoWNfq4sAI9r5OJXzMxblLb1Pn/dmMcaNK2M0kJ7DjC9ZJKHkkTj8Bbj6aBsqJX/EUFA==",
      "requires": {
        "deeks": "2.6.1",
        "doc-path": "3.0.7"
      }
    },
    "jsonfile": {
      "version": "6.1.0",
      "resolved": "https://registry.npmjs.org/jsonfile/-/jsonfile-6.1.0.tgz",
      "integrity": "sha512-5dgndWOriYSm5cnYaJNhalLNDKOqFwyDB/rr1E9ZsGciGvKPs8R2xYGCacuf3z6K1YKDz182fd+fY3cn3pMqXQ==",
      "requires": {
        "graceful-fs": "^4.1.6",
        "universalify": "^2.0.0"
      }
    },
    "lodash": {
      "version": "4.17.21",
      "resolved": "https://registry.npmjs.org/lodash/-/lodash-4.17.21.tgz",
      "integrity": "sha512-v2kDEe57lecTulaDIuNTPy3Ry4gLGJ6Z1O3vE1krgXZNrsQ+LFTGHVxVjcXPs17LhbZVGedAJv8XZ1tvj5FvSg=="
    },
    "universalify": {
      "version": "2.0.0",
      "resolved": "https://registry.npmjs.org/universalify/-/universalify-2.0.0.tgz",
      "integrity": "sha512-hAZsKq7Yy11Zu1DE0OzWjw7nnLZmJZYTDZZyEFHZdUhV8FkH5MCfoU1XMaxXovpyW5nq5scPqq0ZDP9Zyl04oQ=="
    }
  }
}
